
Microsoft Visual Studio Solution File, Format Version 12.00
# Visual Studio Version 16
VisualStudioVersion = 16.0.29509.3
MinimumVisualStudioVersion = 10.0.40219.1
Project("{FAE04EC0-301F-11D3-BF4B-00C04F79EFBC}") = "HashVerifier", "Hash-Verifier\HashVerifier.csproj", "{12E0FA6E-71F0-4C45-9DA2-820E6D51D457}"
EndProject
Global
	GlobalSection(SolutionConfigurationPlatforms) = preSolution
		Debug|Any CPU = Debug|Any CPU
		Release|Any CPU = Release|Any CPU
	EndGlobalSection
	GlobalSection(ProjectConfigurationPlatforms) = postSolution
		{12E0FA6E-71F0-4C45-9DA2-820E6D51D457}.Debug|Any CPU.ActiveCfg = Debug|Any CPU
		{12E0FA6E-71F0-4C45-9DA2-820E6D51D457}.Debug|Any CPU.Build.0 = Debug|Any CPU
		{12E0FA6E-71F0-4C45-9DA2-820E6D51D457}.Release|Any CPU.ActiveCfg = Release|Any CPU
		{12E0FA6E-71F0-4C45-9DA2-820E6D51D457}.Release|Any CPU.Build.0 = Release|Any CPU
	EndGlobalSection
	GlobalSection(SolutionProperties) = preSolution
		HideSolutionNode = FALSE
	EndGlobalSection
	GlobalSection(ExtensibilityGlobals) = postSolution
		SolutionGuid = {1800A4E0-18B9-4B82-907F-9CCA3ABD5854}
	EndGlobalSection
EndGlobal
